// !$*UTF8*$!
{
	archiveVersion = 1;
	classes = {
	};
	objectVersion = 50;
	objects = {

/* Begin PBXBuildFile section */
		FA0A5A97264FADD000432B01 /* ToDoItem.swift in Sources */ = {isa = PBXBuildFile; fileRef = FA0A5A96264FADD000432B01 /* ToDoItem.swift */; };
		FA10B4FE263E5BA7009FD863 /* AppDelegate.swift in Sources */ = {isa = PBXBuildFile; fileRef = FA10B4FD263E5BA7009FD863 /* AppDelegate.swift */; };
		FA10B500263E5BA7009FD863 /* SceneDelegate.swift in Sources */ = {isa = PBXBuildFile; fileRef = FA10B4FF263E5BA7009FD863 /* SceneDelegate.swift */; };
		FA10B502263E5BA7009FD863 /* ViewController.swift in Sources */ = {isa = PBXBuildFile; fileRef = FA10B501263E5BA7009FD863 /* ViewController.swift */; };
		FA10B505263E5BA7009FD863 /* Main.storyboard in Resources */ = {isa = PBXBuildFile; fileRef = FA10B503263E5BA7009FD863 /* Main.storyboard */; };
		FA10B507263E5BAA009FD863 /* Assets.xcassets in Resources */ = {isa = PBXBuildFile; fileRef = FA10B506263E5BAA009FD863 /* Assets.xcassets */; };
		FA10B50A263E5BAA009FD863 /* LaunchScreen.storyboard in Resources */ = {isa = PBXBuildFile; fileRef = FA10B508263E5BAA009FD863 /* LaunchScreen.storyboard */; };
		FA10B515263E5BAA009FD863 /* bookTests.swift in Sources */ = {isa = PBXBuildFile; fileRef = FA10B514263E5BAA009FD863 /* bookTests.swift */; };
		FA10B520263E5BAA009FD863 /* bookUITests.swift in Sources */ = {isa = PBXBuildFile; fileRef = FA10B51F263E5BAA009FD863 /* bookUITests.swift */; };
/* End PBXBuildFile section */

/* Begin PBXContainerItemProxy section */
		FA10B511263E5BAA009FD863 /* PBXContainerItemProxy */ = {
			isa = PBXContainerItemProxy;
			containerPortal = FA10B4F2263E5BA7009FD863 /* Project object */;
			proxyType = 1;
			remoteGlobalIDString = FA10B4F9263E5BA7009FD863;
			remoteInfo = book;
		};
		FA10B51C263E5BAA009FD863 /* PBXContainerItemProxy */ = {
			isa = PBXContainerItemProxy;
			containerPortal = FA10B4F2263E5BA7009FD863 /* Project object */;
			proxyType = 1;
			remoteGlobalIDString = FA10B4F9263E5BA7009FD863;
			remoteInfo = book;
		};
/* End PBXContainerItemProxy section */

/* Begin PBXFileReference section */
		FA0A5A96264FADD000432B01 /* ToDoItem.swift */ = {isa = PBXFileReference; lastKnownFileType = sourcecode.swift; path = ToDoItem.swift; sourceTree = "<group>"; };
		FA10B4FA263E5BA7009FD863 /* book.app */ = {isa = PBXFileReference; explicitFileType = wrapper.application; includeInIndex = 0; path = book.app; sourceTree = BUILT_PRODUCTS_DIR; };
		FA10B4FD263E5BA7009FD863 /* AppDelegate.swift */ = {isa = PBXFileReference; lastKnownFileType = sourcecode.swift; path = AppDelegate.swift; sourceTree = "<group>"; };
		FA10B4FF263E5BA7009FD863 /* SceneDelegate.swift */ = {isa = PBXFileReference; lastKnownFileType = sourcecode.swift; path = SceneDelegate.swift; sourceTree = "<group>"; };
		FA10B501263E5BA7009FD863 /* ViewController.swift */ = {isa = PBXFileReference; lastKnownFileType = sourcecode.swift; path = ViewController.swift; sourceTree = "<group>"; };
		FA10B504263E5BA7009FD863 /* Base */ = {isa = PBXFileReference; lastKnownFileType = file.storyboard; name = Base; path = Base.lproj/Main.storyboard; sourceTree = "<group>"; };
		FA10B506263E5BAA009FD863 /* Assets.xcassets */ = {isa = PBXFileReference; lastKnownFileType = folder.assetcatalog; path = Assets.xcassets; sourceTree = "<group>"; };
		FA10B509263E5BAA009FD863 /* Base */ = {isa = PBXFileReference; lastKnownFileType = file.storyboard; name = Base; path = Base.lproj/LaunchScreen.storyboard; sourceTree = "<group>"; };
		FA10B50B263E5BAA009FD863 /* Info.plist */ = {isa = PBXFileReference; lastKnownFileType = text.plist.xml; path = Info.plist; sourceTree = "<group>"; };
		FA10B510263E5BAA009FD863 /* bookTests.xctest */ = {isa = PBXFileReference; explicitFileType = wrapper.cfbundle; includeInIndex = 0; path = bookTests.xctest; sourceTree = BUILT_PRODUCTS_DIR; };
		FA10B514263E5BAA009FD863 /* bookTests.swift */ = {isa = PBXFileReference; lastKnownFileType = sourcecode.swift; path = bookTests.swift; sourceTree = "<group>"; };
		FA10B516263E5BAA009FD863 /* Info.plist */ = {isa = PBXFileReference; lastKnownFileType = text.plist.xml; path = Info.plist; sourceTree = "<group>"; };
		FA10B51B263E5BAA009FD863 /* bookUITests.xctest */ = {isa = PBXFileReference; explicitFileType = wrapper.cfbundle; includeInIndex = 0; path = bookUITests.xctest; sourceTree = BUILT_PRODUCTS_DIR; };
		FA10B51F263E5BAA009FD863 /* bookUITests.swift */ = {isa = PBXFileReference; lastKnownFileType = sourcecode.swift; path = bookUITests.swift; sourceTree = "<group>"; };
		FA10B521263E5BAA009FD863 /* Info.plist */ = {isa = PBXFileReference; lastKnownFileType = text.plist.xml; path = Info.plist; sourceTree = "<group>"; };
/* End PBXFileReference section */

/* Begin PBXFrameworksBuildPhase section */
		FA10B4F7263E5BA7009FD863 /* Frameworks */ = {
			isa = PBXFrameworksBuildPhase;
			buildActionMask = 2147483647;
			files = (
			);
			runOnlyForDeploymentPostprocessing = 0;
		};
		FA10B50D263E5BAA009FD863 /* Frameworks */ = {
			isa = PBXFrameworksBuildPhase;
			buildActionMask = 2147483647;
			files = (
			);
			runOnlyForDeploymentPostprocessing = 0;
		};
		FA10B518263E5BAA009FD863 /* Frameworks */ = {
			isa = PBXFrameworksBuildPhase;
			buildActionMask = 2147483647;
			files = (
			);
			runOnlyForDeploymentPostprocessing = 0;
		};
/* End PBXFrameworksBuildPhase section */

/* Begin PBXGroup section */
		FA0A5A95264FAD2E00432B01 /* Service */ = {
			isa = PBXGroup;
			children = (
			);
			name = Service;
			sourceTree = "<group>";
		};
		FA10B4F1263E5BA7009FD863 = {
			isa = PBXGroup;
			children = (
				FA10B4FC263E5BA7009FD863 /* book */,
				FA10B513263E5BAA009FD863 /* bookTests */,
				FA10B51E263E5BAA009FD863 /* bookUITests */,
				FA10B4FB263E5BA7009FD863 /* Products */,
			);
			sourceTree = "<group>";
		};
		FA10B4FB263E5BA7009FD863 /* Products */ = {
			isa = PBXGroup;
			children = (
				FA10B4FA263E5BA7009FD863 /* book.app */,
				FA10B510263E5BAA009FD863 /* bookTests.xctest */,
				FA10B51B263E5BAA009FD863 /* bookUITests.xctest */,
			);
			name = Products;
			sourceTree = "<group>";
		};
		FA10B4FC263E5BA7009FD863 /* book */ = {
			isa = PBXGroup;
			children = (
				FA0A5A95264FAD2E00432B01 /* Service */,
				FAFB0157263ED7580012EC36 /* Controllers */,
				FAFB0156263ED7450012EC36 /* Views */,
				FAFB0155263ED6AD0012EC36 /* Models */,
				FA10B4FD263E5BA7009FD863 /* AppDelegate.swift */,
				FA10B4FF263E5BA7009FD863 /* SceneDelegate.swift */,
				FA10B506263E5BAA009FD863 /* Assets.xcassets */,
				FA10B508263E5BAA009FD863 /* LaunchScreen.storyboard */,
				FA10B50B263E5BAA009FD863 /* Info.plist */,
			);
			path = book;
			sourceTree = "<group>";
		};
		FA10B513263E5BAA009FD863 /* bookTests */ = {
			isa = PBXGroup;
			children = (
				FA10B514263E5BAA009FD863 /* bookTests.swift */,
				FA10B516263E5BAA009FD863 /* Info.plist */,
			);
			path = bookTests;
			sourceTree = "<group>";
		};
		FA10B51E263E5BAA009FD863 /* bookUITests */ = {
			isa = PBXGroup;
			children = (
				FA10B51F263E5BAA009FD863 /* bookUITests.swift */,
				FA10B521263E5BAA009FD863 /* Info.plist */,
			);
			path = bookUITests;
			sourceTree = "<group>";
		};
		FAFB0155263ED6AD0012EC36 /* Models */ = {
			isa = PBXGroup;
			children = (
				FA0A5A96264FADD000432B01 /* ToDoItem.swift */,
			);
			path = Models;
			sourceTree = "<group>";
		};
		FAFB0156263ED7450012EC36 /* Views */ = {
			isa = PBXGroup;
			children = (
				FA10B503263E5BA7009FD863 /* Main.storyboard */,
			);
			path = Views;
			sourceTree = "<group>";
		};
		FAFB0157263ED7580012EC36 /* Controllers */ = {
			isa = PBXGroup;
			children = (
				FA10B501263E5BA7009FD863 /* ViewController.swift */,
			);
			path = Controllers;
			sourceTree = "<group>";
		};
/* End PBXGroup section */

/* Begin PBXNativeTarget section */
		FA10B4F9263E5BA7009FD863 /* book */ = {
			isa = PBXNativeTarget;
			buildConfigurationList = FA10B524263E5BAA009FD863 /* Build configuration list for PBXNativeTarget "book" */;
			buildPhases = (
				FA10B4F6263E5BA7009FD863 /* Sources */,
				FA10B4F7263E5BA7009FD863 /* Frameworks */,
				FA10B4F8263E5BA7009FD863 /* Resources */,
			);
			buildRules = (
			);
			dependencies = (
			);
			name = book;
			productName = book;
			productReference = FA10B4FA263E5BA7009FD863 /* book.app */;
			productType = "com.apple.product-type.application";
		};
		FA10B50F263E5BAA009FD863 /* bookTests */ = {
			isa = PBXNativeTarget;
			buildConfigurationList = FA10B527263E5BAA009FD863 /* Build configuration list for PBXNativeTarget "bookTests" */;
			buildPhases = (
				FA10B50C263E5BAA009FD863 /* Sources */,
				FA10B50D263E5BAA009FD863 /* Frameworks */,
				FA10B50E263E5BAA009FD863 /* Resources */,
			);
			buildRules = (
			);
			dependencies = (
				FA10B512263E5BAA009FD863 /* PBXTargetDependency */,
			);
			name = bookTests;
			productName = bookTests;
			productReference = FA10B510263E5BAA009FD863 /* bookTests.xctest */;
			productType = "com.apple.product-type.bundle.unit-test";
		};
		FA10B51A263E5BAA009FD863 /* bookUITests */ = {
			isa = PBXNativeTarget;
			buildConfigurationList = FA10B52A263E5BAA009FD863 /* Build configuration list for PBXNativeTarget "bookUITests" */;
			buildPhases = (
				FA10B517263E5BAA009FD863 /* Sources */,
				FA10B518263E5BAA009FD863 /* Frameworks */,
				FA10B519263E5BAA009FD863 /* Resources */,
			);
			buildRules = (
			);
			dependencies = (
				FA10B51D263E5BAA009FD863 /* PBXTargetDependency */,
			);
			name = bookUITests;
			productName = bookUITests;
			productReference = FA10B51B263E5BAA009FD863 /* bookUITests.xctest */;
			productType = "com.apple.product-type.bundle.ui-testing";
		};
/* End PBXNativeTarget section */

/* Begin PBXProject section */
		FA10B4F2263E5BA7009FD863 /* Project object */ = {
			isa = PBXProject;
			attributes = {
				LastSwiftUpdateCheck = 1220;
				LastUpgradeCheck = 1220;
				TargetAttributes = {
					FA10B4F9263E5BA7009FD863 = {
						CreatedOnToolsVersion = 12.2;
					};
					FA10B50F263E5BAA009FD863 = {
						CreatedOnToolsVersion = 12.2;
						TestTargetID = FA10B4F9263E5BA7009FD863;
					};
					FA10B51A263E5BAA009FD863 = {
						CreatedOnToolsVersion = 12.2;
						TestTargetID = FA10B4F9263E5BA7009FD863;
					};
				};
			};
			buildConfigurationList = FA10B4F5263E5BA7009FD863 /* Build configuration list for PBXProject "book" */;
			compatibilityVersion = "Xcode 9.3";
			developmentRegion = en;
			hasScannedForEncodings = 0;
			knownRegions = (
				en,
				Base,
			);
			mainGroup = FA10B4F1263E5BA7009FD863;
			productRefGroup = FA10B4FB263E5BA7009FD863 /* Products */;
			projectDirPath = "";
			projectRoot = "";
			targets = (
				FA10B4F9263E5BA7009FD863 /* book */,
				FA10B50F263E5BAA009FD863 /* bookTests */,
				FA10B51A263E5BAA009FD863 /* bookUITests */,
			);
		};
/* End PBXProject section */

/* Begin PBXResourcesBuildPhase section */
		FA10B4F8263E5BA7009FD863 /* Resources */ = {
			isa = PBXResourcesBuildPhase;
			buildActionMask = 2147483647;
			files = (
				FA10B50A263E5BAA009FD863 /* LaunchScreen.storyboard in Resources */,
				FA10B507263E5BAA009FD863 /* Assets.xcassets in Resources */,
				FA10B505263E5BA7009FD863 /* Main.storyboard in Resources */,
			);
			runOnlyForDeploymentPostprocessing = 0;
		};
		FA10B50E263E5BAA009FD863 /* Resources */ = {
			isa = PBXResourcesBuildPhase;
			buildActionMask = 2147483647;
			files = (
			);
			runOnlyForDeploymentPostprocessing = 0;
		};
		FA10B519263E5BAA009FD863 /* Resources */ = {
			isa = PBXResourcesBuildPhase;
			buildActionMask = 2147483647;
			files = (
			);
			runOnlyForDeploymentPostprocessing = 0;
		};
/* End PBXResourcesBuildPhase section */

/* Begin PBXSourcesBuildPhase section */
		FA10B4F6263E5BA7009FD863 /* Sources */ = {
			isa = PBXSourcesBuildPhase;
			buildActionMask = 2147483647;
			files = (
				FA10B502263E5BA7009FD863 /* ViewController.swift in Sources */,
				FA10B4FE263E5BA7009FD863 /* AppDelegate.swift in Sources */,
				FA0A5A97264FADD000432B01 /* ToDoItem.swift in Sources */,
				FA10B500263E5BA7009FD863 /* SceneDelegate.swift in Sources */,
			);
			runOnlyForDeploymentPostprocessing = 0;
		};
		FA10B50C263E5BAA009FD863 /* Sources */ = {
			isa = PBXSourcesBuildPhase;
			buildActionMask = 2147483647;
			files = (
				FA10B515263E5BAA009FD863 /* bookTests.swift in Sources */,
			);
			runOnlyForDeploymentPostprocessing = 0;
		};
		FA10B517263E5BAA009FD863 /* Sources */ = {
			isa = PBXSourcesBuildPhase;
			buildActionMask = 2147483647;
			files = (
				FA10B520263E5BAA009FD863 /* bookUITests.swift in Sources */,
			);
			runOnlyForDeploymentPostprocessing = 0;
		};
/* End PBXSourcesBuildPhase section */

/* Begin PBXTargetDependency section */
		FA10B512263E5BAA009FD863 /* PBXTargetDependency */ = {
			isa = PBXTargetDependency;
			target = FA10B4F9263E5BA7009FD863 /* book */;
			targetProxy = FA10B511263E5BAA009FD863 /* PBXContainerItemProxy */;
		};
		FA10B51D263E5BAA009FD863 /* PBXTargetDependency */ = {
			isa = PBXTargetDependency;
			target = FA10B4F9263E5BA7009FD863 /* book */;
			targetProxy = FA10B51C263E5BAA009FD863 /* PBXContainerItemProxy */;
		};
/* End PBXTargetDependency section */

/* Begin PBXVariantGroup section */
		FA10B503263E5BA7009FD863 /* Main.storyboard */ = {
			isa = PBXVariantGroup;
			children = (
				FA10B504263E5BA7009FD863 /* Base */,
			);
			name = Main.storyboard;
			sourceTree = "<group>";
		};
		FA10B508263E5BAA009FD863 /* LaunchScreen.storyboard */ = {
			isa = PBXVariantGroup;
			children = (
				FA10B509263E5BAA009FD863 /* Base */,
			);
			name = LaunchScreen.storyboard;
			sourceTree = "<group>";
		};
/* End PBXVariantGroup section */

/* Begin XCBuildConfiguration section */
		FA10B522263E5BAA009FD863 /* Debug */ = {
			isa = XCBuildConfiguration;
			buildSettings = {
				ALWAYS_SEARCH_USER_PATHS = NO;
				CLANG_ANALYZER_NONNULL = YES;
				CLANG_ANALYZER_NUMBER_OBJECT_CONVERSION = YES_AGGRESSIVE;
				CLANG_CXX_LANGUAGE_STANDARD = "gnu++14";
				CLANG_CXX_LIBRARY = "libc++";
				CLANG_ENABLE_MODULES = YES;
				CLANG_ENABLE_OBJC_ARC = YES;
				CLANG_ENABLE_OBJC_WEAK = YES;
				CLANG_WARN_BLOCK_CAPTURE_AUTORELEASING = YES;
				CLANG_WARN_BOOL_CONVERSION = YES;
				CLANG_WARN_COMMA = YES;
				CLANG_WARN_CONSTANT_CONVERSION = YES;
				CLANG_WARN_DEPRECATED_OBJC_IMPLEMENTATIONS = YES;
				CLANG_WARN_DIRECT_OBJC_ISA_USAGE = YES_ERROR;
				CLANG_WARN_DOCUMENTATION_COMMENTS = YES;
				CLANG_WARN_EMPTY_BODY = YES;
				CLANG_WARN_ENUM_CONVERSION = YES;
				CLANG_WARN_INFINITE_RECURSION = YES;
				CLANG_WARN_INT_CONVERSION = YES;
				CLANG_WARN_NON_LITERAL_NULL_CONVERSION = YES;
				CLANG_WARN_OBJC_IMPLICIT_RETAIN_SELF = YES;
				CLANG_WARN_OBJC_LITERAL_CONVERSION = YES;
				CLANG_WARN_OBJC_ROOT_CLASS = YES_ERROR;
				CLANG_WARN_QUOTED_INCLUDE_IN_FRAMEWORK_HEADER = YES;
				CLANG_WARN_RANGE_LOOP_ANALYSIS = YES;
				CLANG_WARN_STRICT_PROTOTYPES = YES;
				CLANG_WARN_SUSPICIOUS_MOVE = YES;
				CLANG_WARN_UNGUARDED_AVAILABILITY = YES_AGGRESSIVE;
				CLANG_WARN_UNREACHABLE_CODE = YES;
				CLANG_WARN__DUPLICATE_METHOD_MATCH = YES;
				COPY_PHASE_STRIP = NO;
				DEBUG_INFORMATION_FORMAT = dwarf;
				ENABLE_STRICT_OBJC_MSGSEND = YES;
				ENABLE_TESTABILITY = YES;
				GCC_C_LANGUAGE_STANDARD = gnu11;
				GCC_DYNAMIC_NO_PIC = NO;
				GCC_NO_COMMON_BLOCKS = YES;
				GCC_OPTIMIZATION_LEVEL = 0;
				GCC_PREPROCESSOR_DEFINITIONS = (
					"DEBUG=1",
					"$(inherited)",
				);
				GCC_WARN_64_TO_32_BIT_CONVERSION = YES;
				GCC_WARN_ABOUT_RETURN_TYPE = YES_ERROR;
				GCC_WARN_UNDECLARED_SELECTOR = YES;
				GCC_WARN_UNINITIALIZED_AUTOS = YES_AGGRESSIVE;
				GCC_WARN_UNUSED_FUNCTION = YES;
				GCC_WARN_UNUSED_VARIABLE = YES;
				IPHONEOS_DEPLOYMENT_TARGET = 14.2;
				MTL_ENABLE_DEBUG_INFO = INCLUDE_SOURCE;
				MTL_FAST_MATH = YES;
				ONLY_ACTIVE_ARCH = YES;
				SDKROOT = iphoneos;
				SWIFT_ACTIVE_COMPILATION_CONDITIONS = DEBUG;
				SWIFT_OPTIMIZATION_LEVEL = "-Onone";
			};
			name = Debug;
		};
		FA10B523263E5BAA009FD863 /* Release */ = {
			isa = XCBuildConfiguration;
			buildSettings = {
				ALWAYS_SEARCH_USER_PATHS = NO;
				CLANG_ANALYZER_NONNULL = YES;
				CLANG_ANALYZER_NUMBER_OBJECT_CONVERSION = YES_AGGRESSIVE;
				CLANG_CXX_LANGUAGE_STANDARD = "gnu++14";
				CLANG_CXX_LIBRARY = "libc++";
				CLANG_ENABLE_MODULES = YES;
				CLANG_ENABLE_OBJC_ARC = YES;
				CLANG_ENABLE_OBJC_WEAK = YES;
				CLANG_WARN_BLOCK_CAPTURE_AUTORELEASING = YES;
				CLANG_WARN_BOOL_CONVERSION = YES;
				CLANG_WARN_COMMA = YES;
				CLANG_WARN_CONSTANT_CONVERSION = YES;
				CLANG_WARN_DEPRECATED_OBJC_IMPLEMENTATIONS = YES;
				CLANG_WARN_DIRECT_OBJC_ISA_USAGE = YES_ERROR;
				CLANG_WARN_DOCUMENTATION_COMMENTS = YES;
				CLANG_WARN_EMPTY_BODY = YES;
				CLANG_WARN_ENUM_CONVERSION = YES;
				CLANG_WARN_INFINITE_RECURSION = YES;
				CLANG_WARN_INT_CONVERSION = YES;
				CLANG_WARN_NON_LITERAL_NULL_CONVERSION = YES;
				CLANG_WARN_OBJC_IMPLICIT_RETAIN_SELF = YES;
				CLANG_WARN_OBJC_LITERAL_CONVERSION = YES;
				CLANG_WARN_OBJC_ROOT_CLASS = YES_ERROR;
				CLANG_WARN_QUOTED_INCLUDE_IN_FRAMEWORK_HEADER = YES;
				CLANG_WARN_RANGE_LOOP_ANALYSIS = YES;
				CLANG_WARN_STRICT_PROTOTYPES = YES;
				CLANG_WARN_SUSPICIOUS_MOVE = YES;
				CLANG_WARN_UNGUARDED_AVAILABILITY = YES_AGGRESSIVE;
				CLANG_WARN_UNREACHABLE_CODE = YES;
				CLANG_WARN__DUPLICATE_METHOD_MATCH = YES;
				COPY_PHASE_STRIP = NO;
				DEBUG_INFORMATION_FORMAT = "dwarf-with-dsym";
				ENABLE_NS_ASSERTIONS = NO;
				ENABLE_STRICT_OBJC_MSGSEND = YES;
				GCC_C_LANGUAGE_STANDARD = gnu11;
				GCC_NO_COMMON_BLOCKS = YES;
				GCC_WARN_64_TO_32_BIT_CONVERSION = YES;
				GCC_WARN_ABOUT_RETURN_TYPE = YES_ERROR;
				GCC_WARN_UNDECLARED_SELECTOR = YES;
				GCC_WARN_UNINITIALIZED_AUTOS = YES_AGGRESSIVE;
				GCC_WARN_UNUSED_FUNCTION = YES;
				GCC_WARN_UNUSED_VARIABLE = YES;
				IPHONEOS_DEPLOYMENT_TARGET = 14.2;
				MTL_ENABLE_DEBUG_INFO = NO;
				MTL_FAST_MATH = YES;
				SDKROOT = iphoneos;
				SWIFT_COMPILATION_MODE = wholemodule;
				SWIFT_OPTIMIZATION_LEVEL = "-O";
				VALIDATE_PRODUCT = YES;
			};
			name = Release;
		};
		FA10B525263E5BAA009FD863 /* Debug */ = {
			isa = XCBuildConfiguration;
			buildSettings = {
				ASSETCATALOG_COMPILER_APPICON_NAME = AppIcon;
				ASSETCATALOG_COMPILER_GLOBAL_ACCENT_COLOR_NAME = AccentColor;
				CODE_SIGN_STYLE = Automatic;
				INFOPLIST_FILE = book/Info.plist;
				LD_RUNPATH_SEARCH_PATHS = (
					"$(inherited)",
					"@executable_path/Frameworks",
				);
				PRODUCT_BUNDLE_IDENTIFIER = com.test.course.book;
				PRODUCT_NAME = "$(TARGET_NAME)";
				SWIFT_VERSION = 5.0;
				TARGETED_DEVICE_FAMILY = 1;
			};
			name = Debug;
		};
		FA10B526263E5BAA009FD863 /* Release */ = {
			isa = XCBuildConfiguration;
			buildSettings = {
				ASSETCATALOG_COMPILER_APPICON_NAME = AppIcon;
				ASSETCATALOG_COMPILER_GLOBAL_ACCENT_COLOR_NAME = AccentColor;
				CODE_SIGN_STYLE = Automatic;
				INFOPLIST_FILE = book/Info.plist;
				LD_RUNPATH_SEARCH_PATHS = (
					"$(inherited)",
					"@executable_path/Frameworks",
				);
				PRODUCT_BUNDLE_IDENTIFIER = com.test.course.book;
				PRODUCT_NAME = "$(TARGET_NAME)";
				SWIFT_VERSION = 5.0;
				TARGETED_DEVICE_FAMILY = 1;
			};
			name = Release;
		};
		FA10B528263E5BAA009FD863 /* Debug */ = {
			isa = XCBuildConfiguration;
			buildSettings = {
				ALWAYS_EMBED_SWIFT_STANDARD_LIBRARIES = YES;
				BUNDLE_LOADER = "$(TEST_HOST)";
				CODE_SIGN_STYLE = Automatic;
				INFOPLIST_FILE = bookTests/Info.plist;
				IPHONEOS_DEPLOYMENT_TARGET = 14.2;
				LD_RUNPATH_SEARCH_PATHS = (
					"$(inherited)",
					"@executable_path/Frameworks",
					"@loader_path/Frameworks",
				);
				PRODUCT_BUNDLE_IDENTIFIER = com.test.course.bookTests;
				PRODUCT_NAME = "$(TARGET_NAME)";
				SWIFT_VERSION = 5.0;
				TARGETED_DEVICE_FAMILY = "1,2";
				TEST_HOST = "$(BUILT_PRODUCTS_DIR)/book.app/book";
			};
			name = Debug;
		};
		FA10B529263E5BAA009FD863 /* Release */ = {
			isa = XCBuildConfiguration;
			buildSettings = {
				ALWAYS_EMBED_SWIFT_STANDARD_LIBRARIES = YES;
				BUNDLE_LOADER = "$(TEST_HOST)";
				CODE_SIGN_STYLE = Automatic;
				INFOPLIST_FILE = bookTests/Info.plist;
				IPHONEOS_DEPLOYMENT_TARGET = 14.2;
				LD_RUNPATH_SEARCH_PATHS = (
					"$(inherited)",
					"@executable_path/Frameworks",
					"@loader_path/Frameworks",
				);
				PRODUCT_BUNDLE_IDENTIFIER = com.test.course.bookTests;
				PRODUCT_NAME = "$(TARGET_NAME)";
				SWIFT_VERSION = 5.0;
				TARGETED_DEVICE_FAMILY = "1,2";
				TEST_HOST = "$(BUILT_PRODUCTS_DIR)/book.app/book";
			};
			name = Release;
		};
		FA10B52B263E5BAA009FD863 /* Debug */ = {
			isa = XCBuildConfiguration;
			buildSettings = {
				ALWAYS_EMBED_SWIFT_STANDARD_LIBRARIES = YES;
				CODE_SIGN_STYLE = Automatic;
				INFOPLIST_FILE = bookUITests/Info.plist;
				LD_RUNPATH_SEARCH_PATHS = (
					"$(inherited)",
					"@executable_path/Frameworks",
					"@loader_path/Frameworks",
				);
				PRODUCT_BUNDLE_IDENTIFIER = com.test.course.bookUITests;
				PRODUCT_NAME = "$(TARGET_NAME)";
				SWIFT_VERSION = 5.0;
				TARGETED_DEVICE_FAMILY = "1,2";
				TEST_TARGET_NAME = book;
			};
			name = Debug;
		};
		FA10B52C263E5BAA009FD863 /* Release */ = {
			isa = XCBuildConfiguration;
			buildSettings = {
				ALWAYS_EMBED_SWIFT_STANDARD_LIBRARIES = YES;
				CODE_SIGN_STYLE = Automatic;
				INFOPLIST_FILE = bookUITests/Info.plist;
				LD_RUNPATH_SEARCH_PATHS = (
					"$(inherited)",
					"@executable_path/Frameworks",
					"@loader_path/Frameworks",
				);
				PRODUCT_BUNDLE_IDENTIFIER = com.test.course.bookUITests;
				PRODUCT_NAME = "$(TARGET_NAME)";
				SWIFT_VERSION = 5.0;
				TARGETED_DEVICE_FAMILY = "1,2";
				TEST_TARGET_NAME = book;
			};
			name = Release;
		};
/* End XCBuildConfiguration section */

/* Begin XCConfigurationList section */
		FA10B4F5263E5BA7009FD863 /* Build configuration list for PBXProject "book" */ = {
			isa = XCConfigurationList;
			buildConfigurations = (
				FA10B522263E5BAA009FD863 /* Debug */,
				FA10B523263E5BAA009FD863 /* Release */,
			);
			defaultConfigurationIsVisible = 0;
			defaultConfigurationName = Release;
		};
		FA10B524263E5BAA009FD863 /* Build configuration list for PBXNativeTarget "book" */ = {
			isa = XCConfigurationList;
			buildConfigurations = (
				FA10B525263E5BAA009FD863 /* Debug */,
				FA10B526263E5BAA009FD863 /* Release */,
			);
			defaultConfigurationIsVisible = 0;
			defaultConfigurationName = Release;
		};
		FA10B527263E5BAA009FD863 /* Build configuration list for PBXNativeTarget "bookTests" */ = {
			isa = XCConfigurationList;
			buildConfigurations = (
				FA10B528263E5BAA009FD863 /* Debug */,
				FA10B529263E5BAA009FD863 /* Release */,
			);
			defaultConfigurationIsVisible = 0;
			defaultConfigurationName = Release;
		};
		FA10B52A263E5BAA009FD863 /* Build configuration list for PBXNativeTarget "bookUITests" */ = {
			isa = XCConfigurationList;
			buildConfigurations = (
				FA10B52B263E5BAA009FD863 /* Debug */,
				FA10B52C263E5BAA009FD863 /* Release */,
			);
			defaultConfigurationIsVisible = 0;
			defaultConfigurationName = Release;
		};
/* End XCConfigurationList section */
	};
	rootObject = FA10B4F2263E5BA7009FD863 /* Project object */;
}
